
Microsoft Visual Studio Solution File, Format Version 12.00
# Visual Studio 2013
VisualStudioVersion = 12.0.21005.1
MinimumVisualStudioVersion = 10.0.40219.1
Project("{FAE04EC0-301F-11D3-BF4B-00C04F79EFBC}") = "DoggieCreationsFramework", "DoggieCreationsFramework\DoggieCreationsFramework.csproj", "{252E13B3-B6AD-451A-9787-2B82B33C833F}"
EndProject
Project("{FAE04EC0-301F-11D3-BF4B-00C04F79EFBC}") = "DoggieCreationsUnitTest", "DoggieCreationsUnitTest\DoggieCreationsUnitTest.csproj", "{4EC81607-9F76-4343-8AD3-2F7F16443379}"
EndProject
Project("{2150E333-8FDC-42A3-9474-1A3956D46DE8}") = "Solution Items", "Solution Items", "{AFE83CD7-7F15-4A8D-A2AC-38674F7D8C1D}"
	ProjectSection(SolutionItems) = preProject
		DoggieCreationsFramework.vsmdi = DoggieCreationsFramework.vsmdi
		Local.testsettings = Local.testsettings
		TraceAndTestImpact.testsettings = TraceAndTestImpact.testsettings
	EndProjectSection
EndProject
Project("{FAE04EC0-301F-11D3-BF4B-00C04F79EFBC}") = "DoggieCreationsConsoleApplication", "DoggieCreationsConsoleApplication\DoggieCreationsConsoleApplication.csproj", "{420BAB36-349F-4F51-B002-540051B4FBF7}"
	ProjectSection(ProjectDependencies) = postProject
		{5BE70F64-53FF-41F6-979E-5A28584E655C} = {5BE70F64-53FF-41F6-979E-5A28584E655C}
	EndProjectSection
EndProject
Project("{FAE04EC0-301F-11D3-BF4B-00C04F79EFBC}") = "DoggieCreationsWindowsFormsApplication", "DoggieCreationsWindowsFormsApplication\DoggieCreationsWindowsFormsApplication.csproj", "{9AA7158D-C92A-4087-BBA9-86B21E462E16}"
EndProject
Project("{E24C65DC-7377-472B-9ABA-BC803B73C61A}") = "DoggieCreationsWebSite", "http://localhost:1357", "{5BE70F64-53FF-41F6-979E-5A28584E655C}"
	ProjectSection(WebsiteProperties) = preProject
		UseIISExpress = "true"
		TargetFrameworkMoniker = ".NETFramework,Version%3Dv4.0"
		ProjectReferences = ""
		Debug.AspNetCompiler.VirtualPath = "/localhost_1357"
		Debug.AspNetCompiler.PhysicalPath = "..\..\Visual Studio 2013\WebSites\DoggieCreationsWebSite\"
		Debug.AspNetCompiler.TargetPath = "PrecompiledWeb\localhost_1357\"
		Debug.AspNetCompiler.Updateable = "true"
		Debug.AspNetCompiler.ForceOverwrite = "true"
		Debug.AspNetCompiler.FixedNames = "false"
		Debug.AspNetCompiler.Debug = "True"
		Release.AspNetCompiler.VirtualPath = "/localhost_1357"
		Release.AspNetCompiler.PhysicalPath = "..\..\Visual Studio 2013\WebSites\DoggieCreationsWebSite\"
		Release.AspNetCompiler.TargetPath = "PrecompiledWeb\localhost_1357\"
		Release.AspNetCompiler.Updateable = "true"
		Release.AspNetCompiler.ForceOverwrite = "true"
		Release.AspNetCompiler.FixedNames = "false"
		Release.AspNetCompiler.Debug = "False"
		SlnRelativePath = "..\..\Visual Studio 2013\WebSites\DoggieCreationsWebSite\"
		DefaultWebSiteLanguage = "Visual C#"
	EndProjectSection
EndProject
Project("{E24C65DC-7377-472B-9ABA-BC803B73C61A}") = "ProfessionalImaging", "http://localhost:1428", "{A8D50F67-4C5F-4006-ACA7-16C1B1C143B4}"
	ProjectSection(WebsiteProperties) = preProject
		UseIISExpress = "true"
		TargetFrameworkMoniker = ".NETFramework,Version%3Dv4.0"
		ProjectReferences = "{252e13b3-b6ad-451a-9787-2b82b33c833f}|DoggieCreationsFramework.dll;"
		Debug.AspNetCompiler.VirtualPath = "/localhost_1428"
		Debug.AspNetCompiler.PhysicalPath = "..\..\Visual Studio 2013\WebSites\ProfessionalImaging\"
		Debug.AspNetCompiler.TargetPath = "PrecompiledWeb\localhost_1428\"
		Debug.AspNetCompiler.Updateable = "true"
		Debug.AspNetCompiler.ForceOverwrite = "true"
		Debug.AspNetCompiler.FixedNames = "false"
		Debug.AspNetCompiler.Debug = "True"
		Release.AspNetCompiler.VirtualPath = "/localhost_1428"
		Release.AspNetCompiler.PhysicalPath = "..\..\Visual Studio 2013\WebSites\ProfessionalImaging\"
		Release.AspNetCompiler.TargetPath = "PrecompiledWeb\localhost_1428\"
		Release.AspNetCompiler.Updateable = "true"
		Release.AspNetCompiler.ForceOverwrite = "true"
		Release.AspNetCompiler.FixedNames = "false"
		Release.AspNetCompiler.Debug = "False"
		SlnRelativePath = "..\..\Visual Studio 2013\WebSites\ProfessionalImaging\"
		DefaultWebSiteLanguage = "Visual C#"
	EndProjectSection
EndProject
Project("{00D1A9C2-B5F0-4AF3-8072-F6C62B433612}") = "PhotoDatabase", "PhotoDatabase\PhotoDatabase.sqlproj", "{336BBF42-20DA-43FD-B3BE-CA854BAA2D5B}"
EndProject
Project("{E24C65DC-7377-472B-9ABA-BC803B73C61A}") = "PhotoWebsite(3)", "http://localhost:50484", "{1B5C20C0-3BA4-4EF2-BBD7-6D91C133203D}"
	ProjectSection(WebsiteProperties) = preProject
		UseIISExpress = "true"
		TargetFrameworkMoniker = ".NETFramework,Version%3Dv4.0"
		ProjectReferences = "{252e13b3-b6ad-451a-9787-2b82b33c833f}|DoggieCreationsFramework.dll;"
		Debug.AspNetCompiler.VirtualPath = "/localhost_50484"
		Debug.AspNetCompiler.PhysicalPath = "..\..\Visual Studio 2013\WebSites\PhotoWebsite\"
		Debug.AspNetCompiler.TargetPath = "PrecompiledWeb\localhost_50484\"
		Debug.AspNetCompiler.Updateable = "true"
		Debug.AspNetCompiler.ForceOverwrite = "true"
		Debug.AspNetCompiler.FixedNames = "false"
		Debug.AspNetCompiler.Debug = "True"
		Release.AspNetCompiler.VirtualPath = "/localhost_50484"
		Release.AspNetCompiler.PhysicalPath = "..\..\Visual Studio 2013\WebSites\PhotoWebsite\"
		Release.AspNetCompiler.TargetPath = "PrecompiledWeb\localhost_50484\"
		Release.AspNetCompiler.Updateable = "true"
		Release.AspNetCompiler.ForceOverwrite = "true"
		Release.AspNetCompiler.FixedNames = "false"
		Release.AspNetCompiler.Debug = "False"
		SlnRelativePath = "..\..\Visual Studio 2013\WebSites\PhotoWebsite\"
		DefaultWebSiteLanguage = "Visual C#"
	EndProjectSection
EndProject
Global
	GlobalSection(SolutionConfigurationPlatforms) = preSolution
		Debug|Any CPU = Debug|Any CPU
		Release|Any CPU = Release|Any CPU
	EndGlobalSection
	GlobalSection(ProjectConfigurationPlatforms) = postSolution
		{252E13B3-B6AD-451A-9787-2B82B33C833F}.Debug|Any CPU.ActiveCfg = Debug|Any CPU
		{252E13B3-B6AD-451A-9787-2B82B33C833F}.Debug|Any CPU.Build.0 = Debug|Any CPU
		{252E13B3-B6AD-451A-9787-2B82B33C833F}.Release|Any CPU.ActiveCfg = Release|Any CPU
		{252E13B3-B6AD-451A-9787-2B82B33C833F}.Release|Any CPU.Build.0 = Release|Any CPU
		{4EC81607-9F76-4343-8AD3-2F7F16443379}.Debug|Any CPU.ActiveCfg = Debug|Any CPU
		{4EC81607-9F76-4343-8AD3-2F7F16443379}.Debug|Any CPU.Build.0 = Debug|Any CPU
		{4EC81607-9F76-4343-8AD3-2F7F16443379}.Release|Any CPU.ActiveCfg = Release|Any CPU
		{4EC81607-9F76-4343-8AD3-2F7F16443379}.Release|Any CPU.Build.0 = Release|Any CPU
		{420BAB36-349F-4F51-B002-540051B4FBF7}.Debug|Any CPU.ActiveCfg = Debug|Any CPU
		{420BAB36-349F-4F51-B002-540051B4FBF7}.Debug|Any CPU.Build.0 = Debug|Any CPU
		{420BAB36-349F-4F51-B002-540051B4FBF7}.Release|Any CPU.ActiveCfg = Release|Any CPU
		{420BAB36-349F-4F51-B002-540051B4FBF7}.Release|Any CPU.Build.0 = Release|Any CPU
		{9AA7158D-C92A-4087-BBA9-86B21E462E16}.Debug|Any CPU.ActiveCfg = Debug|Any CPU
		{9AA7158D-C92A-4087-BBA9-86B21E462E16}.Debug|Any CPU.Build.0 = Debug|Any CPU
		{9AA7158D-C92A-4087-BBA9-86B21E462E16}.Release|Any CPU.ActiveCfg = Release|Any CPU
		{9AA7158D-C92A-4087-BBA9-86B21E462E16}.Release|Any CPU.Build.0 = Release|Any CPU
		{5BE70F64-53FF-41F6-979E-5A28584E655C}.Debug|Any CPU.ActiveCfg = Debug|Any CPU
		{5BE70F64-53FF-41F6-979E-5A28584E655C}.Debug|Any CPU.Build.0 = Debug|Any CPU
		{5BE70F64-53FF-41F6-979E-5A28584E655C}.Release|Any CPU.ActiveCfg = Debug|Any CPU
		{5BE70F64-53FF-41F6-979E-5A28584E655C}.Release|Any CPU.Build.0 = Debug|Any CPU
		{A8D50F67-4C5F-4006-ACA7-16C1B1C143B4}.Debug|Any CPU.ActiveCfg = Debug|Any CPU
		{A8D50F67-4C5F-4006-ACA7-16C1B1C143B4}.Debug|Any CPU.Build.0 = Debug|Any CPU
		{A8D50F67-4C5F-4006-ACA7-16C1B1C143B4}.Release|Any CPU.ActiveCfg = Debug|Any CPU
		{A8D50F67-4C5F-4006-ACA7-16C1B1C143B4}.Release|Any CPU.Build.0 = Debug|Any CPU
		{336BBF42-20DA-43FD-B3BE-CA854BAA2D5B}.Debug|Any CPU.ActiveCfg = Debug|Any CPU
		{336BBF42-20DA-43FD-B3BE-CA854BAA2D5B}.Debug|Any CPU.Build.0 = Debug|Any CPU
		{336BBF42-20DA-43FD-B3BE-CA854BAA2D5B}.Debug|Any CPU.Deploy.0 = Debug|Any CPU
		{336BBF42-20DA-43FD-B3BE-CA854BAA2D5B}.Release|Any CPU.ActiveCfg = Release|Any CPU
		{336BBF42-20DA-43FD-B3BE-CA854BAA2D5B}.Release|Any CPU.Build.0 = Release|Any CPU
		{336BBF42-20DA-43FD-B3BE-CA854BAA2D5B}.Release|Any CPU.Deploy.0 = Release|Any CPU
		{1B5C20C0-3BA4-4EF2-BBD7-6D91C133203D}.Debug|Any CPU.ActiveCfg = Debug|Any CPU
		{1B5C20C0-3BA4-4EF2-BBD7-6D91C133203D}.Debug|Any CPU.Build.0 = Debug|Any CPU
		{1B5C20C0-3BA4-4EF2-BBD7-6D91C133203D}.Release|Any CPU.ActiveCfg = Debug|Any CPU
		{1B5C20C0-3BA4-4EF2-BBD7-6D91C133203D}.Release|Any CPU.Build.0 = Debug|Any CPU
	EndGlobalSection
	GlobalSection(SolutionProperties) = preSolution
		HideSolutionNode = FALSE
	EndGlobalSection
	GlobalSection(TestCaseManagementSettings) = postSolution
		CategoryFile = DoggieCreationsFramework.vsmdi
	EndGlobalSection
EndGlobal
